
Microsoft Visual Studio Solution File, Format Version 12.00
# Visual Studio 15
Project("{FAE04EC0-301F-11D3-BF4B-00C04F79EFBC}") = "Assembly-CSharp", "Assembly-CSharp.csproj", "{AD1A1C12-F086-AD3D-20E7-910AA58B123E}"
EndProject
Project("{FAE04EC0-301F-11D3-BF4B-00C04F79EFBC}") = "PhotonUnityNetworking.Demos", "PhotonUnityNetworking.Demos.csproj", "{0583CFDD-F044-7895-0EC3-E49411B7D6F2}"
EndProject
Project("{FAE04EC0-301F-11D3-BF4B-00C04F79EFBC}") = "PhotonRealtime", "PhotonRealtime.csproj", "{DB68AEFA-C4D3-7C03-8F31-02FFF6285709}"
EndProject
Project("{FAE04EC0-301F-11D3-BF4B-00C04F79EFBC}") = "PhotonUnityNetworking", "PhotonUnityNetworking.csproj", "{AE4CA383-5C08-46CC-5726-86C87C69A277}"
EndProject
Project("{FAE04EC0-301F-11D3-BF4B-00C04F79EFBC}") = "PhotonUnityNetworking.Utilities", "PhotonUnityNetworking.Utilities.csproj", "{CF876518-8771-48F2-D40B-A8761B3ECADC}"
EndProject
Project("{FAE04EC0-301F-11D3-BF4B-00C04F79EFBC}") = "PhotonChat", "PhotonChat.csproj", "{6EBA63E9-23DA-A1A8-B018-F0C7C0A20BDB}"
EndProject
Project("{FAE04EC0-301F-11D3-BF4B-00C04F79EFBC}") = "PhotonUnityNetworking.Editor", "PhotonUnityNetworking.Editor.csproj", "{6A245087-E7F2-DC8B-07D6-2772F06ABC9A}"
EndProject
Project("{FAE04EC0-301F-11D3-BF4B-00C04F79EFBC}") = "Assembly-CSharp-Editor", "Assembly-CSharp-Editor.csproj", "{CF9CC24F-FC68-2428-D2CB-432D94D81532}"
EndProject
Project("{FAE04EC0-301F-11D3-BF4B-00C04F79EFBC}") = "PhotonUnityNetworking.Utilities.PhotonPlayer.Editor", "PhotonUnityNetworking.Utilities.PhotonPlayer.Editor.csproj", "{AA247A99-3FD8-908B-32F5-03F9B4F1E360}"
EndProject
Project("{FAE04EC0-301F-11D3-BF4B-00C04F79EFBC}") = "PunDemos.DemoSlotcarEditor", "PunDemos.DemoSlotcarEditor.csproj", "{30D6AF86-75AB-7AE9-80B5-203F81EA913C}"
EndProject
Project("{FAE04EC0-301F-11D3-BF4B-00C04F79EFBC}") = "PhotonUnityNetworking.Utilities.Culling.Editor", "PhotonUnityNetworking.Utilities.Culling.Editor.csproj", "{59207BD6-AF4F-5BBB-0264-A10B56F9D50A}"
EndProject
Project("{FAE04EC0-301F-11D3-BF4B-00C04F79EFBC}") = "PunDemos.DemoHubEditor", "PunDemos.DemoHubEditor.csproj", "{D7637DE7-E985-E852-25B4-31014CA29DAC}"
EndProject
Global
	GlobalSection(SolutionConfigurationPlatforms) = preSolution
		Debug|Any CPU = Debug|Any CPU
		Release|Any CPU = Release|Any CPU
	EndGlobalSection
	GlobalSection(ProjectConfigurationPlatforms) = postSolution
		{AD1A1C12-F086-AD3D-20E7-910AA58B123E}.Debug|Any CPU.ActiveCfg = Debug|Any CPU
		{AD1A1C12-F086-AD3D-20E7-910AA58B123E}.Debug|Any CPU.Build.0 = Debug|Any CPU
		{AD1A1C12-F086-AD3D-20E7-910AA58B123E}.Release|Any CPU.ActiveCfg = Release|Any CPU
		{AD1A1C12-F086-AD3D-20E7-910AA58B123E}.Release|Any CPU.Build.0 = Release|Any CPU
		{0583CFDD-F044-7895-0EC3-E49411B7D6F2}.Debug|Any CPU.ActiveCfg = Debug|Any CPU
		{0583CFDD-F044-7895-0EC3-E49411B7D6F2}.Debug|Any CPU.Build.0 = Debug|Any CPU
		{0583CFDD-F044-7895-0EC3-E49411B7D6F2}.Release|Any CPU.ActiveCfg = Release|Any CPU
		{0583CFDD-F044-7895-0EC3-E49411B7D6F2}.Release|Any CPU.Build.0 = Release|Any CPU
		{DB68AEFA-C4D3-7C03-8F31-02FFF6285709}.Debug|Any CPU.ActiveCfg = Debug|Any CPU
		{DB68AEFA-C4D3-7C03-8F31-02FFF6285709}.Debug|Any CPU.Build.0 = Debug|Any CPU
		{DB68AEFA-C4D3-7C03-8F31-02FFF6285709}.Release|Any CPU.ActiveCfg = Release|Any CPU
		{DB68AEFA-C4D3-7C03-8F31-02FFF6285709}.Release|Any CPU.Build.0 = Release|Any CPU
		{AE4CA383-5C08-46CC-5726-86C87C69A277}.Debug|Any CPU.ActiveCfg = Debug|Any CPU
		{AE4CA383-5C08-46CC-5726-86C87C69A277}.Debug|Any CPU.Build.0 = Debug|Any CPU
		{AE4CA383-5C08-46CC-5726-86C87C69A277}.Release|Any CPU.ActiveCfg = Release|Any CPU
		{AE4CA383-5C08-46CC-5726-86C87C69A277}.Release|Any CPU.Build.0 = Release|Any CPU
		{CF876518-8771-48F2-D40B-A8761B3ECADC}.Debug|Any CPU.ActiveCfg = Debug|Any CPU
		{CF876518-8771-48F2-D40B-A8761B3ECADC}.Debug|Any CPU.Build.0 = Debug|Any CPU
		{CF876518-8771-48F2-D40B-A8761B3ECADC}.Release|Any CPU.ActiveCfg = Release|Any CPU
		{CF876518-8771-48F2-D40B-A8761B3ECADC}.Release|Any CPU.Build.0 = Release|Any CPU
		{6EBA63E9-23DA-A1A8-B018-F0C7C0A20BDB}.Debug|Any CPU.ActiveCfg = Debug|Any CPU
		{6EBA63E9-23DA-A1A8-B018-F0C7C0A20BDB}.Debug|Any CPU.Build.0 = Debug|Any CPU
		{6EBA63E9-23DA-A1A8-B018-F0C7C0A20BDB}.Release|Any CPU.ActiveCfg = Release|Any CPU
		{6EBA63E9-23DA-A1A8-B018-F0C7C0A20BDB}.Release|Any CPU.Build.0 = Release|Any CPU
		{6A245087-E7F2-DC8B-07D6-2772F06ABC9A}.Debug|Any CPU.ActiveCfg = Debug|Any CPU
		{6A245087-E7F2-DC8B-07D6-2772F06ABC9A}.Debug|Any CPU.Build.0 = Debug|Any CPU
		{6A245087-E7F2-DC8B-07D6-2772F06ABC9A}.Release|Any CPU.ActiveCfg = Release|Any CPU
		{6A245087-E7F2-DC8B-07D6-2772F06ABC9A}.Release|Any CPU.Build.0 = Release|Any CPU
		{CF9CC24F-FC68-2428-D2CB-432D94D81532}.Debug|Any CPU.ActiveCfg = Debug|Any CPU
		{CF9CC24F-FC68-2428-D2CB-432D94D81532}.Debug|Any CPU.Build.0 = Debug|Any CPU
		{CF9CC24F-FC68-2428-D2CB-432D94D81532}.Release|Any CPU.ActiveCfg = Release|Any CPU
		{CF9CC24F-FC68-2428-D2CB-432D94D81532}.Release|Any CPU.Build.0 = Release|Any CPU
		{AA247A99-3FD8-908B-32F5-03F9B4F1E360}.Debug|Any CPU.ActiveCfg = Debug|Any CPU
		{AA247A99-3FD8-908B-32F5-03F9B4F1E360}.Debug|Any CPU.Build.0 = Debug|Any CPU
		{AA247A99-3FD8-908B-32F5-03F9B4F1E360}.Release|Any CPU.ActiveCfg = Release|Any CPU
		{AA247A99-3FD8-908B-32F5-03F9B4F1E360}.Release|Any CPU.Build.0 = Release|Any CPU
		{30D6AF86-75AB-7AE9-80B5-203F81EA913C}.Debug|Any CPU.ActiveCfg = Debug|Any CPU
		{30D6AF86-75AB-7AE9-80B5-203F81EA913C}.Debug|Any CPU.Build.0 = Debug|Any CPU
		{30D6AF86-75AB-7AE9-80B5-203F81EA913C}.Release|Any CPU.ActiveCfg = Release|Any CPU
		{30D6AF86-75AB-7AE9-80B5-203F81EA913C}.Release|Any CPU.Build.0 = Release|Any CPU
		{59207BD6-AF4F-5BBB-0264-A10B56F9D50A}.Debug|Any CPU.ActiveCfg = Debug|Any CPU
		{59207BD6-AF4F-5BBB-0264-A10B56F9D50A}.Debug|Any CPU.Build.0 = Debug|Any CPU
		{59207BD6-AF4F-5BBB-0264-A10B56F9D50A}.Release|Any CPU.ActiveCfg = Release|Any CPU
		{59207BD6-AF4F-5BBB-0264-A10B56F9D50A}.Release|Any CPU.Build.0 = Release|Any CPU
		{D7637DE7-E985-E852-25B4-31014CA29DAC}.Debug|Any CPU.ActiveCfg = Debug|Any CPU
		{D7637DE7-E985-E852-25B4-31014CA29DAC}.Debug|Any CPU.Build.0 = Debug|Any CPU
		{D7637DE7-E985-E852-25B4-31014CA29DAC}.Release|Any CPU.ActiveCfg = Release|Any CPU
		{D7637DE7-E985-E852-25B4-31014CA29DAC}.Release|Any CPU.Build.0 = Release|Any CPU
	EndGlobalSection
	GlobalSection(SolutionProperties) = preSolution
		HideSolutionNode = FALSE
	EndGlobalSection
EndGlobal
